{
    "_meta": {
        "hash": {
            "sha256": "9164fdcffd7a7ca6bcdcb22eef9d5c398bcbd3822eda68a22bb8effeb32e92b1"
        },
        "pipfile-spec": 6,
        "requires": {
            "python_version": "3.13"
        },
        "sources": [
            {
                "name": "pypi",
                "url": "https://pypi.org/simple",
                "verify_ssl": true
            }
        ]
    },
    "default": {
        "boto3": {
            "hashes": [
                "sha256:c11ad4c429a983493ba10014c7af9831a455c2c0eea91c1cefff74530e480277",
                "sha256:fdf2e304f9e8864b8613591b18b36ee995560c9666033622eda1cb9057866880"
            ],
            "index": "pypi",
            "markers": "python_version >= '3.10'",
            "version": "==1.43.106"
        },
        "botocore": {
            "hashes": [
                "sha256:006870b3b4e40547232ad12c3bb4faec91bbbe0659aafaa3b7fa48a112c4ee97",
                "sha256:c1fb8818f9957cb5037f73db34ac1a12ba43562e31d6e7f9cb7e5fc64e1dba78"
            ],
            "markers": "python_version >= '3.10'",
            "version": "==1.43.106"
        },
        "jmespath": {
            "hashes": [
                "sha256:472c87d80f36026ae83c6ddd0f1d05d4e510134ed462851fd5f754c8c3cbb88d",
                "sha256:a5663118de4908c91729bea0acadca56526eb2698e83de10cd116ae0f4e97c64"
            ],
            "markers": "python_version >= '3.9'",
            "version": "==1.1.0"
        },
        "python-dateutil": {
            "hashes": [
                "sha256:37dd54208da7e1cd875388217d5e00ebd4179249f90fb72437e91a35459a0ad3",
                "sha256:a8b2bc7bffae282281c8140a97d3aa9c14da0b136dfe83f850eea9a5f7470427"
            ],
            "markers": "python_version >= '2.7' and python_version not in '3.0, 3.1, 3.2'",
            "version": "==2.9.0.post0"
        },
        "s3transfer": {
            "hashes": [
                "sha256:ba0309fd86be3c27dbf78cdd813c13c5e1df16e5874b99d2535ebbdfb9892993",
                "sha256:d8168eccca828cbb2cd573675333f3bddd254313a9c42494b84c76b539e8ba25"
            ],
            "markers": "python_version >= '3.10'",
            "version": "==0.19.2"
        },
        "six": {
            "hashes": [
                "sha256:4721f391ed90541fddacab5acf947aa0d3dc7d27b2e1e8eda2be8970586c3274",
                "sha256:ff70335d468e7eb6ec65b95b99d3a2836546063f63acc5171de367e834932a81"
            ],
            "markers": "python_version >= '2.7' and python_version not in '3.0, 3.1, 3.2'",
            "version": "==1.17.0"
        },
        "slack-sdk": {
            "hashes": [
                "sha256:ca19505423789fa2a3189ff486f989f02e49289f008d0a5813df7255b3fb93ea",
                "sha256:d6f20a0fbe3fecf9cac955c99d686301b48a645b7045472c3a0cdd186d7c42b2"
            ],
            "index": "pypi",
            "markers": "python_version >= '3.7'",
            "version": "==3.44.1"
        },
        "urllib3": {
            "hashes": [
                "sha256:0cf3cae568d36aa9576b28dfb35f11328f1cb974ca7647d9475ebb86c75ac6e3",
                "sha256:63bf2ead4c879426ebf22ef2a781eeb4aa3b4ae798a0435506f8687fd5bb9b63"
            ],
            "markers": "python_version >= '3.10'",
            "version": "==2.8.0"
        }
    },
    "develop": {}
}
